// !$*UTF8*$!
{
	archiveVersion = 1;
	classes = {
	};
	objectVersion = 46;
	objects = {

/* Begin PBXBuildFile section */
		120EF9AE1945D3E2002067C0 /* Loading.m in Sources */ = {isa = PBXBuildFile; fileRef = 120EF9AD1945D3E2002067C0 /* Loading.m */; };
		1278AB0D1940E2FC0072A860 /* Foundation.framework in Frameworks */ = {isa = PBXBuildFile; fileRef = 1278AB0C1940E2FC0072A860 /* Foundation.framework */; };
		1278AB0F1940E2FC0072A860 /* CoreGraphics.framework in Frameworks */ = {isa = PBXBuildFile; fileRef = 1278AB0E1940E2FC0072A860 /* CoreGraphics.framework */; };
		1278AB111940E2FC0072A860 /* UIKit.framework in Frameworks */ = {isa = PBXBuildFile; fileRef = 1278AB101940E2FC0072A860 /* UIKit.framework */; };
		1278AB171940E2FC0072A860 /* InfoPlist.strings in Resources */ = {isa = PBXBuildFile; fileRef = 1278AB151940E2FC0072A860 /* InfoPlist.strings */; };
		1278AB191940E2FC0072A860 /* main.m in Sources */ = {isa = PBXBuildFile; fileRef = 1278AB181940E2FC0072A860 /* main.m */; };
		1278AB1D1940E2FC0072A860 /* ETAppDelegate.m in Sources */ = {isa = PBXBuildFile; fileRef = 1278AB1C1940E2FC0072A860 /* ETAppDelegate.m */; };
		1278AB201940E2FC0072A860 /* Main_iPhone.storyboard in Resources */ = {isa = PBXBuildFile; fileRef = 1278AB1E1940E2FC0072A860 /* Main_iPhone.storyboard */; };
		1278AB231940E2FC0072A860 /* Main_iPad.storyboard in Resources */ = {isa = PBXBuildFile; fileRef = 1278AB211940E2FC0072A860 /* Main_iPad.storyboard */; };
		1278AB261940E2FC0072A860 /* ETSearchViewController.m in Sources */ = {isa = PBXBuildFile; fileRef = 1278AB251940E2FC0072A860 /* ETSearchViewController.m */; };
		1278AB281940E2FC0072A860 /* Images.xcassets in Resources */ = {isa = PBXBuildFile; fileRef = 1278AB271940E2FC0072A860 /* Images.xcassets */; };
		1278AB2F1940E2FC0072A860 /* XCTest.framework in Frameworks */ = {isa = PBXBuildFile; fileRef = 1278AB2E1940E2FC0072A860 /* XCTest.framework */; };
		1278AB301940E2FC0072A860 /* Foundation.framework in Frameworks */ = {isa = PBXBuildFile; fileRef = 1278AB0C1940E2FC0072A860 /* Foundation.framework */; };
		1278AB311940E2FC0072A860 /* UIKit.framework in Frameworks */ = {isa = PBXBuildFile; fileRef = 1278AB101940E2FC0072A860 /* UIKit.framework */; };
		1278AB391940E2FC0072A860 /* InfoPlist.strings in Resources */ = {isa = PBXBuildFile; fileRef = 1278AB371940E2FC0072A860 /* InfoPlist.strings */; };
		1278AB49194103910072A860 /* ETTweetTableViewController.m in Sources */ = {isa = PBXBuildFile; fileRef = 1278AB48194103910072A860 /* ETTweetTableViewController.m */; };
		1278AB4C194108FD0072A860 /* ETRetrieveTweets.m in Sources */ = {isa = PBXBuildFile; fileRef = 1278AB4B194108FD0072A860 /* ETRetrieveTweets.m */; };
		1278AB4F1943A0320072A860 /* ETTweetTableViewCell.m in Sources */ = {isa = PBXBuildFile; fileRef = 1278AB4E1943A0320072A860 /* ETTweetTableViewCell.m */; };
		1278AB5A1943AB960072A860 /* SenTestingKit.framework in Frameworks */ = {isa = PBXBuildFile; fileRef = 1278AB591943AB960072A860 /* SenTestingKit.framework */; };
		129854661943BB43009948C6 /* ETRetrieveTweetsTests.m in Sources */ = {isa = PBXBuildFile; fileRef = 129854651943BB43009948C6 /* ETRetrieveTweetsTests.m */; };
		1298546B1943BD2F009948C6 /* libOCMock.a in Frameworks */ = {isa = PBXBuildFile; fileRef = 1298546A1943BD2F009948C6 /* libOCMock.a */; };
		12B2CEEA1945A5BB00530BE6 /* ETSentiment.m in Sources */ = {isa = PBXBuildFile; fileRef = 12B2CEE91945A5BB00530BE6 /* ETSentiment.m */; };
		12B2CEEE1945A61000530BE6 /* ETTweetObject.m in Sources */ = {isa = PBXBuildFile; fileRef = 12B2CEED1945A61000530BE6 /* ETTweetObject.m */; };
		12B2CEF31945A64300530BE6 /* ETTweetObjectTests.m in Sources */ = {isa = PBXBuildFile; fileRef = 12B2CEF11945A64300530BE6 /* ETTweetObjectTests.m */; };
		12B2CEF51945B8ED00530BE6 /* ETSentimentTests.m in Sources */ = {isa = PBXBuildFile; fileRef = 12B2CEF41945B8ED00530BE6 /* ETSentimentTests.m */; };
/* End PBXBuildFile section */

/* Begin PBXContainerItemProxy section */
		1278AB321940E2FC0072A860 /* PBXContainerItemProxy */ = {
			isa = PBXContainerItemProxy;
			containerPortal = 1278AB011940E2FC0072A860 /* Project object */;
			proxyType = 1;
			remoteGlobalIDString = 1278AB081940E2FC0072A860;
			remoteInfo = "Emotional Tweets";
		};
/* End PBXContainerItemProxy section */

/* Begin PBXFileReference section */
		120EF9AC1945D3E2002067C0 /* Loading.h */ = {isa = PBXFileReference; fileEncoding = 4; lastKnownFileType = sourcecode.c.h; path = Loading.h; sourceTree = "<group>"; };
		120EF9AD1945D3E2002067C0 /* Loading.m */ = {isa = PBXFileReference; fileEncoding = 4; lastKnownFileType = sourcecode.c.objc; path = Loading.m; sourceTree = "<group>"; };
		1278AB091940E2FC0072A860 /* Emotional Tweets.app */ = {isa = PBXFileReference; explicitFileType = wrapper.application; includeInIndex = 0; path = "Emotional Tweets.app"; sourceTree = BUILT_PRODUCTS_DIR; };
		1278AB0C1940E2FC0072A860 /* Foundation.framework */ = {isa = PBXFileReference; lastKnownFileType = wrapper.framework; name = Foundation.framework; path = System/Library/Frameworks/Foundation.framework; sourceTree = SDKROOT; };
		1278AB0E1940E2FC0072A860 /* CoreGraphics.framework */ = {isa = PBXFileReference; lastKnownFileType = wrapper.framework; name = CoreGraphics.framework; path = System/Library/Frameworks/CoreGraphics.framework; sourceTree = SDKROOT; };
		1278AB101940E2FC0072A860 /* UIKit.framework */ = {isa = PBXFileReference; lastKnownFileType = wrapper.framework; name = UIKit.framework; path = System/Library/Frameworks/UIKit.framework; sourceTree = SDKROOT; };
		1278AB141940E2FC0072A860 /* Emotional Tweets-Info.plist */ = {isa = PBXFileReference; lastKnownFileType = text.plist.xml; path = "Emotional Tweets-Info.plist"; sourceTree = "<group>"; };
		1278AB161940E2FC0072A860 /* en */ = {isa = PBXFileReference; lastKnownFileType = text.plist.strings; name = en; path = en.lproj/InfoPlist.strings; sourceTree = "<group>"; };
		1278AB181940E2FC0072A860 /* main.m */ = {isa = PBXFileReference; lastKnownFileType = sourcecode.c.objc; path = main.m; sourceTree = "<group>"; };
		1278AB1A1940E2FC0072A860 /* Emotional Tweets-Prefix.pch */ = {isa = PBXFileReference; lastKnownFileType = sourcecode.c.h; path = "Emotional Tweets-Prefix.pch"; sourceTree = "<group>"; };
		1278AB1B1940E2FC0072A860 /* ETAppDelegate.h */ = {isa = PBXFileReference; lastKnownFileType = sourcecode.c.h; path = ETAppDelegate.h; sourceTree = "<group>"; };
		1278AB1C1940E2FC0072A860 /* ETAppDelegate.m */ = {isa = PBXFileReference; lastKnownFileType = sourcecode.c.objc; path = ETAppDelegate.m; sourceTree = "<group>"; };
		1278AB1F1940E2FC0072A860 /* Base */ = {isa = PBXFileReference; lastKnownFileType = file.storyboard; name = Base; path = Base.lproj/Main_iPhone.storyboard; sourceTree = "<group>"; };
		1278AB221940E2FC0072A860 /* Base */ = {isa = PBXFileReference; lastKnownFileType = file.storyboard; name = Base; path = Base.lproj/Main_iPad.storyboard; sourceTree = "<group>"; };
		1278AB241940E2FC0072A860 /* ETSearchViewController.h */ = {isa = PBXFileReference; lastKnownFileType = sourcecode.c.h; path = ETSearchViewController.h; sourceTree = "<group>"; };
		1278AB251940E2FC0072A860 /* ETSearchViewController.m */ = {isa = PBXFileReference; lastKnownFileType = sourcecode.c.objc; path = ETSearchViewController.m; sourceTree = "<group>"; };
		1278AB271940E2FC0072A860 /* Images.xcassets */ = {isa = PBXFileReference; lastKnownFileType = folder.assetcatalog; path = Images.xcassets; sourceTree = "<group>"; };
		1278AB2D1940E2FC0072A860 /* Emotional TweetsTests.xctest */ = {isa = PBXFileReference; explicitFileType = wrapper.cfbundle; includeInIndex = 0; path = "Emotional TweetsTests.xctest"; sourceTree = BUILT_PRODUCTS_DIR; };
		1278AB2E1940E2FC0072A860 /* XCTest.framework */ = {isa = PBXFileReference; lastKnownFileType = wrapper.framework; name = XCTest.framework; path = Library/Frameworks/XCTest.framework; sourceTree = DEVELOPER_DIR; };
		1278AB361940E2FC0072A860 /* Emotional TweetsTests-Info.plist */ = {isa = PBXFileReference; lastKnownFileType = text.plist.xml; path = "Emotional TweetsTests-Info.plist"; sourceTree = "<group>"; };
		1278AB381940E2FC0072A860 /* en */ = {isa = PBXFileReference; lastKnownFileType = text.plist.strings; name = en; path = en.lproj/InfoPlist.strings; sourceTree = "<group>"; };
		1278AB47194103910072A860 /* ETTweetTableViewController.h */ = {isa = PBXFileReference; fileEncoding = 4; lastKnownFileType = sourcecode.c.h; path = ETTweetTableViewController.h; sourceTree = "<group>"; };
		1278AB48194103910072A860 /* ETTweetTableViewController.m */ = {isa = PBXFileReference; fileEncoding = 4; lastKnownFileType = sourcecode.c.objc; path = ETTweetTableViewController.m; sourceTree = "<group>"; };
		1278AB4A194108FD0072A860 /* ETRetrieveTweets.h */ = {isa = PBXFileReference; fileEncoding = 4; lastKnownFileType = sourcecode.c.h; path = ETRetrieveTweets.h; sourceTree = "<group>"; };
		1278AB4B194108FD0072A860 /* ETRetrieveTweets.m */ = {isa = PBXFileReference; fileEncoding = 4; lastKnownFileType = sourcecode.c.objc; path = ETRetrieveTweets.m; sourceTree = "<group>"; };
		1278AB4D1943A0320072A860 /* ETTweetTableViewCell.h */ = {isa = PBXFileReference; fileEncoding = 4; lastKnownFileType = sourcecode.c.h; path = ETTweetTableViewCell.h; sourceTree = "<group>"; };
		1278AB4E1943A0320072A860 /* ETTweetTableViewCell.m */ = {isa = PBXFileReference; fileEncoding = 4; lastKnownFileType = sourcecode.c.objc; path = ETTweetTableViewCell.m; sourceTree = "<group>"; };
		1278AB571943A1E90072A860 /* libOCMock.a */ = {isa = PBXFileReference; lastKnownFileType = archive.ar; name = libOCMock.a; path = usr/lib/libOCMock.a; sourceTree = "<group>"; };
		1278AB591943AB960072A860 /* SenTestingKit.framework */ = {isa = PBXFileReference; lastKnownFileType = wrapper.framework; name = SenTestingKit.framework; path = Library/Frameworks/SenTestingKit.framework; sourceTree = DEVELOPER_DIR; };
		129854651943BB43009948C6 /* ETRetrieveTweetsTests.m */ = {isa = PBXFileReference; fileEncoding = 4; lastKnownFileType = sourcecode.c.objc; path = ETRetrieveTweetsTests.m; sourceTree = "<group>"; };
		1298546A1943BD2F009948C6 /* libOCMock.a */ = {isa = PBXFileReference; lastKnownFileType = archive.ar; path = libOCMock.a; sourceTree = "<group>"; };
		1298546D1943BD5B009948C6 /* NSNotificationCenter+OCMAdditions.h */ = {isa = PBXFileReference; fileEncoding = 4; lastKnownFileType = sourcecode.c.h; path = "NSNotificationCenter+OCMAdditions.h"; sourceTree = "<group>"; };
		1298546E1943BD5B009948C6 /* OCMArg.h */ = {isa = PBXFileReference; fileEncoding = 4; lastKnownFileType = sourcecode.c.h; path = OCMArg.h; sourceTree = "<group>"; };
		1298546F1943BD5B009948C6 /* OCMConstraint.h */ = {isa = PBXFileReference; fileEncoding = 4; lastKnownFileType = sourcecode.c.h; path = OCMConstraint.h; sourceTree = "<group>"; };
		129854701943BD5B009948C6 /* OCMock.h */ = {isa = PBXFileReference; fileEncoding = 4; lastKnownFileType = sourcecode.c.h; path = OCMock.h; sourceTree = "<group>"; };
		129854711943BD5B009948C6 /* OCMockObject.h */ = {isa = PBXFileReference; fileEncoding = 4; lastKnownFileType = sourcecode.c.h; path = OCMockObject.h; sourceTree = "<group>"; };
		129854721943BD5B009948C6 /* OCMockRecorder.h */ = {isa = PBXFileReference; fileEncoding = 4; lastKnownFileType = sourcecode.c.h; path = OCMockRecorder.h; sourceTree = "<group>"; };
		12B2CEE81945A5BB00530BE6 /* ETSentiment.h */ = {isa = PBXFileReference; fileEncoding = 4; lastKnownFileType = sourcecode.c.h; path = ETSentiment.h; sourceTree = "<group>"; };
		12B2CEE91945A5BB00530BE6 /* ETSentiment.m */ = {isa = PBXFileReference; fileEncoding = 4; lastKnownFileType = sourcecode.c.objc; path = ETSentiment.m; sourceTree = "<group>"; };
		12B2CEEC1945A61000530BE6 /* ETTweetObject.h */ = {isa = PBXFileReference; fileEncoding = 4; lastKnownFileType = sourcecode.c.h; path = ETTweetObject.h; sourceTree = "<group>"; };
		12B2CEED1945A61000530BE6 /* ETTweetObject.m */ = {isa = PBXFileReference; fileEncoding = 4; lastKnownFileType = sourcecode.c.objc; path = ETTweetObject.m; sourceTree = "<group>"; };
		12B2CEF11945A64300530BE6 /* ETTweetObjectTests.m */ = {isa = PBXFileReference; fileEncoding = 4; lastKnownFileType = sourcecode.c.objc; path = ETTweetObjectTests.m; sourceTree = "<group>"; };
		12B2CEF41945B8ED00530BE6 /* ETSentimentTests.m */ = {isa = PBXFileReference; fileEncoding = 4; lastKnownFileType = sourcecode.c.objc; path = ETSentimentTests.m; sourceTree = "<group>"; };
/* End PBXFileReference section */

/* Begin PBXFrameworksBuildPhase section */
		1278AB061940E2FC0072A860 /* Frameworks */ = {
			isa = PBXFrameworksBuildPhase;
			buildActionMask = 2147483647;
			files = (
				1278AB0F1940E2FC0072A860 /* CoreGraphics.framework in Frameworks */,
				1278AB111940E2FC0072A860 /* UIKit.framework in Frameworks */,
				1278AB0D1940E2FC0072A860 /* Foundation.framework in Frameworks */,
			);
			runOnlyForDeploymentPostprocessing = 0;
		};
		1278AB2A1940E2FC0072A860 /* Frameworks */ = {
			isa = PBXFrameworksBuildPhase;
			buildActionMask = 2147483647;
			files = (
				1298546B1943BD2F009948C6 /* libOCMock.a in Frameworks */,
				1278AB5A1943AB960072A860 /* SenTestingKit.framework in Frameworks */,
				1278AB2F1940E2FC0072A860 /* XCTest.framework in Frameworks */,
				1278AB311940E2FC0072A860 /* UIKit.framework in Frameworks */,
				1278AB301940E2FC0072A860 /* Foundation.framework in Frameworks */,
			);
			runOnlyForDeploymentPostprocessing = 0;
		};
/* End PBXFrameworksBuildPhase section */

/* Begin PBXGroup section */
		120EF9AB1945D3E2002067C0 /* LoadingScreen */ = {
			isa = PBXGroup;
			children = (
				120EF9AC1945D3E2002067C0 /* Loading.h */,
				120EF9AD1945D3E2002067C0 /* Loading.m */,
			);
			path = LoadingScreen;
			sourceTree = "<group>";
		};
		1278AB001940E2FC0072A860 = {
			isa = PBXGroup;
			children = (
				129854691943BD2F009948C6 /* Libraries */,
				1278AB121940E2FC0072A860 /* Emotional Tweets */,
				1278AB341940E2FC0072A860 /* Emotional Tweets Tests */,
				1278AB0B1940E2FC0072A860 /* Frameworks */,
				1278AB0A1940E2FC0072A860 /* Products */,
			);
			sourceTree = "<group>";
		};
		1278AB0A1940E2FC0072A860 /* Products */ = {
			isa = PBXGroup;
			children = (
				1278AB091940E2FC0072A860 /* Emotional Tweets.app */,
				1278AB2D1940E2FC0072A860 /* Emotional TweetsTests.xctest */,
			);
			name = Products;
			sourceTree = "<group>";
		};
		1278AB0B1940E2FC0072A860 /* Frameworks */ = {
			isa = PBXGroup;
			children = (
				1278AB591943AB960072A860 /* SenTestingKit.framework */,
				1278AB571943A1E90072A860 /* libOCMock.a */,
				1278AB0C1940E2FC0072A860 /* Foundation.framework */,
				1278AB0E1940E2FC0072A860 /* CoreGraphics.framework */,
				1278AB101940E2FC0072A860 /* UIKit.framework */,
				1278AB2E1940E2FC0072A860 /* XCTest.framework */,
			);
			name = Frameworks;
			sourceTree = "<group>";
		};
		1278AB121940E2FC0072A860 /* Emotional Tweets */ = {
			isa = PBXGroup;
			children = (
				120EF9AB1945D3E2002067C0 /* LoadingScreen */,
				12B2CEEB1945A5ED00530BE6 /* Objects */,
				1278AB1B1940E2FC0072A860 /* ETAppDelegate.h */,
				1278AB1C1940E2FC0072A860 /* ETAppDelegate.m */,
				1278AB1E1940E2FC0072A860 /* Main_iPhone.storyboard */,
				1278AB211940E2FC0072A860 /* Main_iPad.storyboard */,
				1278AB241940E2FC0072A860 /* ETSearchViewController.h */,
				1278AB251940E2FC0072A860 /* ETSearchViewController.m */,
				1278AB47194103910072A860 /* ETTweetTableViewController.h */,
				1278AB48194103910072A860 /* ETTweetTableViewController.m */,
				1278AB4A194108FD0072A860 /* ETRetrieveTweets.h */,
				1278AB4B194108FD0072A860 /* ETRetrieveTweets.m */,
				12B2CEE81945A5BB00530BE6 /* ETSentiment.h */,
				12B2CEE91945A5BB00530BE6 /* ETSentiment.m */,
				1278AB4D1943A0320072A860 /* ETTweetTableViewCell.h */,
				1278AB4E1943A0320072A860 /* ETTweetTableViewCell.m */,
				1278AB271940E2FC0072A860 /* Images.xcassets */,
				1278AB131940E2FC0072A860 /* Supporting Files */,
			);
			path = "Emotional Tweets";
			sourceTree = "<group>";
		};
		1278AB131940E2FC0072A860 /* Supporting Files */ = {
			isa = PBXGroup;
			children = (
				1278AB141940E2FC0072A860 /* Emotional Tweets-Info.plist */,
				1278AB151940E2FC0072A860 /* InfoPlist.strings */,
				1278AB181940E2FC0072A860 /* main.m */,
				1278AB1A1940E2FC0072A860 /* Emotional Tweets-Prefix.pch */,
			);
			name = "Supporting Files";
			sourceTree = "<group>";
		};
		1278AB341940E2FC0072A860 /* Emotional Tweets Tests */ = {
			isa = PBXGroup;
			children = (
				1278AB351940E2FC0072A860 /* Supporting Files */,
				129854651943BB43009948C6 /* ETRetrieveTweetsTests.m */,
				12B2CEF11945A64300530BE6 /* ETTweetObjectTests.m */,
				12B2CEF41945B8ED00530BE6 /* ETSentimentTests.m */,
			);
			name = "Emotional Tweets Tests";
			path = "Emotional TweetsTests";
			sourceTree = "<group>";
		};
		1278AB351940E2FC0072A860 /* Supporting Files */ = {
			isa = PBXGroup;
			children = (
				1278AB361940E2FC0072A860 /* Emotional TweetsTests-Info.plist */,
				1278AB371940E2FC0072A860 /* InfoPlist.strings */,
			);
			name = "Supporting Files";
			sourceTree = "<group>";
		};
		129854691943BD2F009948C6 /* Libraries */ = {
			isa = PBXGroup;
			children = (
				1298546C1943BD5B009948C6 /* OCMock */,
				1298546A1943BD2F009948C6 /* libOCMock.a */,
			);
			path = Libraries;
			sourceTree = "<group>";
		};
		1298546C1943BD5B009948C6 /* OCMock */ = {
			isa = PBXGroup;
			children = (
				1298546D1943BD5B009948C6 /* NSNotificationCenter+OCMAdditions.h */,
				1298546E1943BD5B009948C6 /* OCMArg.h */,
				1298546F1943BD5B009948C6 /* OCMConstraint.h */,
				129854701943BD5B009948C6 /* OCMock.h */,
				129854711943BD5B009948C6 /* OCMockObject.h */,
				129854721943BD5B009948C6 /* OCMockRecorder.h */,
			);
			path = OCMock;
			sourceTree = "<group>";
		};
		12B2CEEB1945A5ED00530BE6 /* Objects */ = {
			isa = PBXGroup;
			children = (
				12B2CEEC1945A61000530BE6 /* ETTweetObject.h */,
				12B2CEED1945A61000530BE6 /* ETTweetObject.m */,
			);
			name = Objects;
			sourceTree = "<group>";
		};
/* End PBXGroup section */

/* Begin PBXNativeTarget section */
		1278AB081940E2FC0072A860 /* Emotional Tweets */ = {
			isa = PBXNativeTarget;
			buildConfigurationList = 1278AB3E1940E2FC0072A860 /* Build configuration list for PBXNativeTarget "Emotional Tweets" */;
			buildPhases = (
				1278AB051940E2FC0072A860 /* Sources */,
				1278AB061940E2FC0072A860 /* Frameworks */,
				1278AB071940E2FC0072A860 /* Resources */,
			);
			buildRules = (
			);
			dependencies = (
			);
			name = "Emotional Tweets";
			productName = "Emotional Tweets";
			productReference = 1278AB091940E2FC0072A860 /* Emotional Tweets.app */;
			productType = "com.apple.product-type.application";
		};
		1278AB2C1940E2FC0072A860 /* Emotional TweetsTests */ = {
			isa = PBXNativeTarget;
			buildConfigurationList = 1278AB411940E2FC0072A860 /* Build configuration list for PBXNativeTarget "Emotional TweetsTests" */;
			buildPhases = (
				1278AB291940E2FC0072A860 /* Sources */,
				1278AB2A1940E2FC0072A860 /* Frameworks */,
				1278AB2B1940E2FC0072A860 /* Resources */,
			);
			buildRules = (
			);
			dependencies = (
				1278AB331940E2FC0072A860 /* PBXTargetDependency */,
			);
			name = "Emotional TweetsTests";
			productName = "Emotional TweetsTests";
			productReference = 1278AB2D1940E2FC0072A860 /* Emotional TweetsTests.xctest */;
			productType = "com.apple.product-type.bundle.unit-test";
		};
/* End PBXNativeTarget section */

/* Begin PBXProject section */
		1278AB011940E2FC0072A860 /* Project object */ = {
			isa = PBXProject;
			attributes = {
				CLASSPREFIX = ET;
				LastUpgradeCheck = 0510;
				ORGANIZATIONNAME = "Robin Crorie";
				TargetAttributes = {
					1278AB2C1940E2FC0072A860 = {
						TestTargetID = 1278AB081940E2FC0072A860;
					};
				};
			};
			buildConfigurationList = 1278AB041940E2FC0072A860 /* Build configuration list for PBXProject "Emotional Tweets" */;
			compatibilityVersion = "Xcode 3.2";
			developmentRegion = English;
			hasScannedForEncodings = 0;
			knownRegions = (
				en,
				Base,
			);
			mainGroup = 1278AB001940E2FC0072A860;
			productRefGroup = 1278AB0A1940E2FC0072A860 /* Products */;
			projectDirPath = "";
			projectRoot = "";
			targets = (
				1278AB081940E2FC0072A860 /* Emotional Tweets */,
				1278AB2C1940E2FC0072A860 /* Emotional TweetsTests */,
			);
		};
/* End PBXProject section */

/* Begin PBXResourcesBuildPhase section */
		1278AB071940E2FC0072A860 /* Resources */ = {
			isa = PBXResourcesBuildPhase;
			buildActionMask = 2147483647;
			files = (
				1278AB231940E2FC0072A860 /* Main_iPad.storyboard in Resources */,
				1278AB281940E2FC0072A860 /* Images.xcassets in Resources */,
				1278AB201940E2FC0072A860 /* Main_iPhone.storyboard in Resources */,
				1278AB171940E2FC0072A860 /* InfoPlist.strings in Resources */,
			);
			runOnlyForDeploymentPostprocessing = 0;
		};
		1278AB2B1940E2FC0072A860 /* Resources */ = {
			isa = PBXResourcesBuildPhase;
			buildActionMask = 2147483647;
			files = (
				1278AB391940E2FC0072A860 /* InfoPlist.strings in Resources */,
			);
			runOnlyForDeploymentPostprocessing = 0;
		};
/* End PBXResourcesBuildPhase section */

/* Begin PBXSourcesBuildPhase section */
		1278AB051940E2FC0072A860 /* Sources */ = {
			isa = PBXSourcesBuildPhase;
			buildActionMask = 2147483647;
			files = (
				1278AB49194103910072A860 /* ETTweetTableViewController.m in Sources */,
				1278AB4C194108FD0072A860 /* ETRetrieveTweets.m in Sources */,
				120EF9AE1945D3E2002067C0 /* Loading.m in Sources */,
				1278AB261940E2FC0072A860 /* ETSearchViewController.m in Sources */,
				12B2CEEE1945A61000530BE6 /* ETTweetObject.m in Sources */,
				1278AB191940E2FC0072A860 /* main.m in Sources */,
				1278AB4F1943A0320072A860 /* ETTweetTableViewCell.m in Sources */,
				12B2CEEA1945A5BB00530BE6 /* ETSentiment.m in Sources */,
				1278AB1D1940E2FC0072A860 /* ETAppDelegate.m in Sources */,
			);
			runOnlyForDeploymentPostprocessing = 0;
		};
		1278AB291940E2FC0072A860 /* Sources */ = {
			isa = PBXSourcesBuildPhase;
			buildActionMask = 2147483647;
			files = (
				12B2CEF51945B8ED00530BE6 /* ETSentimentTests.m in Sources */,
				129854661943BB43009948C6 /* ETRetrieveTweetsTests.m in Sources */,
				12B2CEF31945A64300530BE6 /* ETTweetObjectTests.m in Sources */,
			);
			runOnlyForDeploymentPostprocessing = 0;
		};
/* End PBXSourcesBuildPhase section */

/* Begin PBXTargetDependency section */
		1278AB331940E2FC0072A860 /* PBXTargetDependency */ = {
			isa = PBXTargetDependency;
			target = 1278AB081940E2FC0072A860 /* Emotional Tweets */;
			targetProxy = 1278AB321940E2FC0072A860 /* PBXContainerItemProxy */;
		};
/* End PBXTargetDependency section */

/* Begin PBXVariantGroup section */
		1278AB151940E2FC0072A860 /* InfoPlist.strings */ = {
			isa = PBXVariantGroup;
			children = (
				1278AB161940E2FC0072A860 /* en */,
			);
			name = InfoPlist.strings;
			sourceTree = "<group>";
		};
		1278AB1E1940E2FC0072A860 /* Main_iPhone.storyboard */ = {
			isa = PBXVariantGroup;
			children = (
				1278AB1F1940E2FC0072A860 /* Base */,
			);
			name = Main_iPhone.storyboard;
			sourceTree = "<group>";
		};
		1278AB211940E2FC0072A860 /* Main_iPad.storyboard */ = {
			isa = PBXVariantGroup;
			children = (
				1278AB221940E2FC0072A860 /* Base */,
			);
			name = Main_iPad.storyboard;
			sourceTree = "<group>";
		};
		1278AB371940E2FC0072A860 /* InfoPlist.strings */ = {
			isa = PBXVariantGroup;
			children = (
				1278AB381940E2FC0072A860 /* en */,
			);
			name = InfoPlist.strings;
			sourceTree = "<group>";
		};
/* End PBXVariantGroup section */

/* Begin XCBuildConfiguration section */
		1278AB3C1940E2FC0072A860 /* Debug */ = {
			isa = XCBuildConfiguration;
			buildSettings = {
				ALWAYS_SEARCH_USER_PATHS = NO;
				CLANG_CXX_LANGUAGE_STANDARD = "gnu++0x";
				CLANG_CXX_LIBRARY = "libc++";
				CLANG_ENABLE_MODULES = YES;
				CLANG_ENABLE_OBJC_ARC = YES;
				CLANG_WARN_BOOL_CONVERSION = YES;
				CLANG_WARN_CONSTANT_CONVERSION = YES;
				CLANG_WARN_DIRECT_OBJC_ISA_USAGE = YES_ERROR;
				CLANG_WARN_EMPTY_BODY = YES;
				CLANG_WARN_ENUM_CONVERSION = YES;
				CLANG_WARN_INT_CONVERSION = YES;
				CLANG_WARN_OBJC_ROOT_CLASS = YES_ERROR;
				CLANG_WARN__DUPLICATE_METHOD_MATCH = YES;
				"CODE_SIGN_IDENTITY[sdk=iphoneos*]" = "iPhone Developer";
				COPY_PHASE_STRIP = NO;
				GCC_C_LANGUAGE_STANDARD = gnu99;
				GCC_DYNAMIC_NO_PIC = NO;
				GCC_OPTIMIZATION_LEVEL = 0;
				GCC_PREPROCESSOR_DEFINITIONS = (
					"DEBUG=1",
					"$(inherited)",
				);
				GCC_SYMBOLS_PRIVATE_EXTERN = NO;
				GCC_WARN_64_TO_32_BIT_CONVERSION = YES;
				GCC_WARN_ABOUT_RETURN_TYPE = YES_ERROR;
				GCC_WARN_UNDECLARED_SELECTOR = YES;
				GCC_WARN_UNINITIALIZED_AUTOS = YES_AGGRESSIVE;
				GCC_WARN_UNUSED_FUNCTION = YES;
				GCC_WARN_UNUSED_VARIABLE = YES;
				IPHONEOS_DEPLOYMENT_TARGET = 7.1;
				ONLY_ACTIVE_ARCH = YES;
				SDKROOT = iphoneos;
				TARGETED_DEVICE_FAMILY = "1,2";
			};
			name = Debug;
		};
		1278AB3D1940E2FC0072A860 /* Release */ = {
			isa = XCBuildConfiguration;
			buildSettings = {
				ALWAYS_SEARCH_USER_PATHS = NO;
				CLANG_CXX_LANGUAGE_STANDARD = "gnu++0x";
				CLANG_CXX_LIBRARY = "libc++";
				CLANG_ENABLE_MODULES = YES;
				CLANG_ENABLE_OBJC_ARC = YES;
				CLANG_WARN_BOOL_CONVERSION = YES;
				CLANG_WARN_CONSTANT_CONVERSION = YES;
				CLANG_WARN_DIRECT_OBJC_ISA_USAGE = YES_ERROR;
				CLANG_WARN_EMPTY_BODY = YES;
				CLANG_WARN_ENUM_CONVERSION = YES;
				CLANG_WARN_INT_CONVERSION = YES;
				CLANG_WARN_OBJC_ROOT_CLASS = YES_ERROR;
				CLANG_WARN__DUPLICATE_METHOD_MATCH = YES;
				"CODE_SIGN_IDENTITY[sdk=iphoneos*]" = "iPhone Developer";
				COPY_PHASE_STRIP = YES;
				ENABLE_NS_ASSERTIONS = NO;
				GCC_C_LANGUAGE_STANDARD = gnu99;
				GCC_WARN_64_TO_32_BIT_CONVERSION = YES;
				GCC_WARN_ABOUT_RETURN_TYPE = YES_ERROR;
				GCC_WARN_UNDECLARED_SELECTOR = YES;
				GCC_WARN_UNINITIALIZED_AUTOS = YES_AGGRESSIVE;
				GCC_WARN_UNUSED_FUNCTION = YES;
				GCC_WARN_UNUSED_VARIABLE = YES;
				IPHONEOS_DEPLOYMENT_TARGET = 7.1;
				SDKROOT = iphoneos;
				TARGETED_DEVICE_FAMILY = "1,2";
				VALIDATE_PRODUCT = YES;
			};
			name = Release;
		};
		1278AB3F1940E2FC0072A860 /* Debug */ = {
			isa = XCBuildConfiguration;
			buildSettings = {
				ASSETCATALOG_COMPILER_APPICON_NAME = AppIcon;
				ASSETCATALOG_COMPILER_LAUNCHIMAGE_NAME = LaunchImage;
				GCC_PRECOMPILE_PREFIX_HEADER = YES;
				GCC_PREFIX_HEADER = "Emotional Tweets/Emotional Tweets-Prefix.pch";
				HEADER_SEARCH_PATHS = (
					"$(inherited)",
					/Applications/Xcode.app/Contents/Developer/Toolchains/XcodeDefault.xctoolchain/usr/include,
				);
				INFOPLIST_FILE = "Emotional Tweets/Emotional Tweets-Info.plist";
				LIBRARY_SEARCH_PATHS = "$(inherited)";
				OTHER_LDFLAGS = "";
				PRODUCT_NAME = "$(TARGET_NAME)";
				WRAPPER_EXTENSION = app;
			};
			name = Debug;
		};
		1278AB401940E2FC0072A860 /* Release */ = {
			isa = XCBuildConfiguration;
			buildSettings = {
				ASSETCATALOG_COMPILER_APPICON_NAME = AppIcon;
				ASSETCATALOG_COMPILER_LAUNCHIMAGE_NAME = LaunchImage;
				GCC_PRECOMPILE_PREFIX_HEADER = YES;
				GCC_PREFIX_HEADER = "Emotional Tweets/Emotional Tweets-Prefix.pch";
				HEADER_SEARCH_PATHS = (
					"$(inherited)",
					/Applications/Xcode.app/Contents/Developer/Toolchains/XcodeDefault.xctoolchain/usr/include,
				);
				INFOPLIST_FILE = "Emotional Tweets/Emotional Tweets-Info.plist";
				LIBRARY_SEARCH_PATHS = "$(inherited)";
				OTHER_LDFLAGS = "";
				PRODUCT_NAME = "$(TARGET_NAME)";
				WRAPPER_EXTENSION = app;
			};
			name = Release;
		};
		1278AB421940E2FC0072A860 /* Debug */ = {
			isa = XCBuildConfiguration;
			buildSettings = {
				BUNDLE_LOADER = "$(BUILT_PRODUCTS_DIR)/Emotional Tweets.app/Emotional Tweets";
				FRAMEWORK_SEARCH_PATHS = (
					"$(SDKROOT)/Developer/Library/Frameworks",
					"$(inherited)",
					"$(DEVELOPER_FRAMEWORKS_DIR)",
				);
				GCC_PRECOMPILE_PREFIX_HEADER = YES;
				GCC_PREFIX_HEADER = "Emotional Tweets/Emotional Tweets-Prefix.pch";
				GCC_PREPROCESSOR_DEFINITIONS = (
					"DEBUG=1",
					"$(inherited)",
				);
				HEADER_SEARCH_PATHS = (
					"$(inherited)",
					"\"$(SRCROOT)/Libraries\"/**",
					/Applications/Xcode.app/Contents/Developer/Toolchains/XcodeDefault.xctoolchain/usr/include,
				);
				INFOPLIST_FILE = "Emotional TweetsTests/Emotional TweetsTests-Info.plist";
				LIBRARY_SEARCH_PATHS = (
					"$(inherited)",
					"\"$(PROJECT_DIR)/Libraries\"/**",
					"$(PROJECT_DIR)/Libraries",
				);
				OTHER_LDFLAGS = (
					"$(inherited)",
					"-all_load",
					"-ObjC",
					"-framework",
					XCTest,
				);
				PRODUCT_NAME = "$(TARGET_NAME)";
				TEST_HOST = "$(BUNDLE_LOADER)";
				WRAPPER_EXTENSION = xctest;
			};
			name = Debug;
		};
		1278AB431940E2FC0072A860 /* Release */ = {
			isa = XCBuildConfiguration;
			buildSettings = {
				BUNDLE_LOADER = "$(BUILT_PRODUCTS_DIR)/Emotional Tweets.app/Emotional Tweets";
				FRAMEWORK_SEARCH_PATHS = (
					"$(SDKROOT)/Developer/Library/Frameworks",
					"$(inherited)",
					"$(DEVELOPER_FRAMEWORKS_DIR)",
				);
				GCC_PRECOMPILE_PREFIX_HEADER = YES;
				GCC_PREFIX_HEADER = "Emotional Tweets/Emotional Tweets-Prefix.pch";
				HEADER_SEARCH_PATHS = (
					"$(inherited)",
					"\"$(SRCROOT)/Libraries\"/**",
					/Applications/Xcode.app/Contents/Developer/Toolchains/XcodeDefault.xctoolchain/usr/include,
				);
				INFOPLIST_FILE = "Emotional TweetsTests/Emotional TweetsTests-Info.plist";
				LIBRARY_SEARCH_PATHS = (
					"$(inherited)",
					"\"$(PROJECT_DIR)/Libraries\"/**",
					"$(PROJECT_DIR)/Libraries",
				);
				OTHER_LDFLAGS = (
					"$(inherited)",
					"-all_load",
					"-ObjC",
					"-framework",
					XCTest,
				);
				PRODUCT_NAME = "$(TARGET_NAME)";
				TEST_HOST = "$(BUNDLE_LOADER)";
				WRAPPER_EXTENSION = xctest;
			};
			name = Release;
		};
/* End XCBuildConfiguration section */

/* Begin XCConfigurationList section */
		1278AB041940E2FC0072A860 /* Build configuration list for PBXProject "Emotional Tweets" */ = {
			isa = XCConfigurationList;
			buildConfigurations = (
				1278AB3C1940E2FC0072A860 /* Debug */,
				1278AB3D1940E2FC0072A860 /* Release */,
			);
			defaultConfigurationIsVisible = 0;
			defaultConfigurationName = Release;
		};
		1278AB3E1940E2FC0072A860 /* Build configuration list for PBXNativeTarget "Emotional Tweets" */ = {
			isa = XCConfigurationList;
			buildConfigurations = (
				1278AB3F1940E2FC0072A860 /* Debug */,
				1278AB401940E2FC0072A860 /* Release */,
			);
			defaultConfigurationIsVisible = 0;
			defaultConfigurationName = Release;
		};
		1278AB411940E2FC0072A860 /* Build configuration list for PBXNativeTarget "Emotional TweetsTests" */ = {
			isa = XCConfigurationList;
			buildConfigurations = (
				1278AB421940E2FC0072A860 /* Debug */,
				1278AB431940E2FC0072A860 /* Release */,
			);
			defaultConfigurationIsVisible = 0;
			defaultConfigurationName = Release;
		};
/* End XCConfigurationList section */
	};
	rootObject = 1278AB011940E2FC0072A860 /* Project object */;
}
